{
  "version": 4,
  "terraform_version": "0.12.24",
  "serial": 11,
  "lineage": "4b2da5f8-0028-0dc0-6388-d9f4c734560a",
  "outputs": {},
  "resources": [
    {
      "mode": "data",
      "type": "archive_file",
      "name": "lambda",
      "provider": "provider.archive",
      "instances": [
        {
          "schema_version": 0,
          "attributes": {
            "excludes": null,
            "id": "c83d723f8adc1d5d4e56c7ba2ca942605d439b18",
            "output_base64sha256": "vaubmxh/kFXA0S7vVbLYO7ICBuXNkLIrkw8Ft6Wd35s=",
            "output_md5": "707bddd335016223f5ffe03944a46e60",
            "output_path": "output/lambda.zip",
            "output_sha": "c83d723f8adc1d5d4e56c7ba2ca942605d439b18",
            "output_size": 273,
            "source": [],
            "source_content": null,
            "source_content_filename": null,
            "source_dir": null,
            "source_file": "lambda.py",
            "type": "zip"
          }
        }
      ]
    },
    {
      "mode": "data",
      "type": "archive_file",
      "name": "lambda1",
      "provider": "provider.archive",
      "instances": [
        {
          "schema_version": 0,
          "attributes": {
            "excludes": null,
            "id": "add09b02d9ba2addd3d091a42d5958363c6e400c",
            "output_base64sha256": "1DrfwpDQsPk+2k83HMOTv50EXUvlDAmCmCqCjKF1xd4=",
            "output_md5": "3fa4a587f94fce0db70772829d2daea1",
            "output_path": "output/lambda1.zip",
            "output_sha": "add09b02d9ba2addd3d091a42d5958363c6e400c",
            "output_size": 357,
            "source": [],
            "source_content": null,
            "source_content_filename": null,
            "source_dir": null,
            "source_file": "insert.py",
            "type": "zip"
          }
        }
      ]
    },
    {
      "mode": "data",
      "type": "archive_file",
      "name": "lambda2",
      "provider": "provider.archive",
      "instances": [
        {
          "schema_version": 0,
          "attributes": {
            "excludes": null,
            "id": "f4922ca70179064f6c8a81fd13303ed77639ad4a",
            "output_base64sha256": "VOulNwszRHhFkOovgLOzF5MiroH0ufWa/54OhmlCvyk=",
            "output_md5": "0d4edd5efa62a46dfed07f25622253db",
            "output_path": "output/lambda2.zip",
            "output_sha": "f4922ca70179064f6c8a81fd13303ed77639ad4a",
            "output_size": 559,
            "source": [],
            "source_content": null,
            "source_content_filename": null,
            "source_dir": null,
            "source_file": "percentage.py",
            "type": "zip"
          }
        }
      ]
    },
    {
      "mode": "data",
      "type": "archive_file",
      "name": "lambda3",
      "provider": "provider.archive",
      "instances": [
        {
          "schema_version": 0,
          "attributes": {
            "excludes": null,
            "id": "a2149b7322e5c43d1a372d52d4411d5800890de7",
            "output_base64sha256": "zpDZu5qIija7JjOkDGNUZfryNks5jAi3aZLNxt6FDkQ=",
            "output_md5": "612c6052dab144dce5f69f55ada70719",
            "output_path": "output/lambda3.zip",
            "output_sha": "a2149b7322e5c43d1a372d52d4411d5800890de7",
            "output_size": 347,
            "source": [],
            "source_content": null,
            "source_content_filename": null,
            "source_dir": null,
            "source_file": "search.py",
            "type": "zip"
          }
        }
      ]
    },
    {
      "mode": "managed",
      "type": "aws_lambda_function",
      "name": "test_lambda",
      "provider": "provider.aws",
      "instances": [
        {
          "schema_version": 0,
          "attributes": {
            "arn": "arn:aws:lambda:us-east-1:783323902162:function:apilambda",
            "dead_letter_config": [],
            "description": "",
            "environment": [],
            "file_system_config": [],
            "filename": "output/lambda.zip",
            "function_name": "apilambda",
            "handler": "lambda.hello",
            "id": "apilambda",
            "invoke_arn": "arn:aws:apigateway:us-east-1:lambda:path/2015-03-31/functions/arn:aws:lambda:us-east-1:783323902162:function:apilambda/invocations",
            "kms_key_arn": "",
            "last_modified": "2020-06-25T15:58:16.167+0000",
            "layers": [],
            "memory_size": 128,
            "publish": false,
            "qualified_arn": "arn:aws:lambda:us-east-1:783323902162:function:apilambda:$LATEST",
            "reserved_concurrent_executions": -1,
            "role": "arn:aws:iam::783323902162:role/aws-lambda-dynamodb",
            "runtime": "python3.8",
            "s3_bucket": null,
            "s3_key": null,
            "s3_object_version": null,
            "source_code_hash": "vaubmxh/kFXA0S7vVbLYO7ICBuXNkLIrkw8Ft6Wd35s=",
            "source_code_size": 273,
            "tags": {},
            "timeout": 3,
            "timeouts": null,
            "tracing_config": [
              {
                "mode": "PassThrough"
              }
            ],
            "version": "$LATEST",
            "vpc_config": []
          },
          "private": "eyJlMmJmYjczMC1lY2FhLTExZTYtOGY4OC0zNDM2M2JjN2M0YzAiOnsiY3JlYXRlIjo2MDAwMDAwMDAwMDB9fQ=="
        }
      ]
    },
    {
      "mode": "managed",
      "type": "aws_lambda_function",
      "name": "test_lambda1",
      "provider": "provider.aws",
      "instances": [
        {
          "schema_version": 0,
          "attributes": {
            "arn": "arn:aws:lambda:us-east-1:783323902162:function:AddToTable1",
            "dead_letter_config": [],
            "description": "",
            "environment": [],
            "file_system_config": [],
            "filename": "output/lambda1.zip",
            "function_name": "AddToTable1",
            "handler": "insert.lambda_handler",
            "id": "AddToTable1",
            "invoke_arn": "arn:aws:apigateway:us-east-1:lambda:path/2015-03-31/functions/arn:aws:lambda:us-east-1:783323902162:function:AddToTable1/invocations",
            "kms_key_arn": "",
            "last_modified": "2020-06-25T16:24:55.153+0000",
            "layers": [],
            "memory_size": 128,
            "publish": false,
            "qualified_arn": "arn:aws:lambda:us-east-1:783323902162:function:AddToTable1:$LATEST",
            "reserved_concurrent_executions": -1,
            "role": "arn:aws:iam::783323902162:role/aws-lambda-dynamodb",
            "runtime": "python3.8",
            "s3_bucket": null,
            "s3_key": null,
            "s3_object_version": null,
            "source_code_hash": "1DrfwpDQsPk+2k83HMOTv50EXUvlDAmCmCqCjKF1xd4=",
            "source_code_size": 357,
            "tags": {},
            "timeout": 3,
            "timeouts": null,
            "tracing_config": [
              {
                "mode": "PassThrough"
              }
            ],
            "version": "$LATEST",
            "vpc_config": []
          },
          "private": "eyJlMmJmYjczMC1lY2FhLTExZTYtOGY4OC0zNDM2M2JjN2M0YzAiOnsiY3JlYXRlIjo2MDAwMDAwMDAwMDB9fQ=="
        }
      ]
    },
    {
      "mode": "managed",
      "type": "aws_lambda_function",
      "name": "test_lambda2",
      "provider": "provider.aws",
      "instances": [
        {
          "schema_version": 0,
          "attributes": {
            "arn": "arn:aws:lambda:us-east-1:783323902162:function:percent",
            "dead_letter_config": [],
            "description": "",
            "environment": [],
            "file_system_config": [],
            "filename": "output/lambda2.zip",
            "function_name": "percent",
            "handler": "percentage.lambda_handler",
            "id": "percent",
            "invoke_arn": "arn:aws:apigateway:us-east-1:lambda:path/2015-03-31/functions/arn:aws:lambda:us-east-1:783323902162:function:percent/invocations",
            "kms_key_arn": "",
            "last_modified": "2020-06-25T16:31:39.117+0000",
            "layers": [],
            "memory_size": 128,
            "publish": false,
            "qualified_arn": "arn:aws:lambda:us-east-1:783323902162:function:percent:$LATEST",
            "reserved_concurrent_executions": -1,
            "role": "arn:aws:iam::783323902162:role/aws-lambda-dynamodb",
            "runtime": "python3.8",
            "s3_bucket": null,
            "s3_key": null,
            "s3_object_version": null,
            "source_code_hash": "VOulNwszRHhFkOovgLOzF5MiroH0ufWa/54OhmlCvyk=",
            "source_code_size": 559,
            "tags": {},
            "timeout": 3,
            "timeouts": null,
            "tracing_config": [
              {
                "mode": "PassThrough"
              }
            ],
            "version": "$LATEST",
            "vpc_config": []
          },
          "private": "eyJlMmJmYjczMC1lY2FhLTExZTYtOGY4OC0zNDM2M2JjN2M0YzAiOnsiY3JlYXRlIjo2MDAwMDAwMDAwMDB9fQ=="
        }
      ]
    },
    {
      "mode": "managed",
      "type": "aws_lambda_function",
      "name": "test_lambda3",
      "provider": "provider.aws",
      "instances": [
        {
          "schema_version": 0,
          "attributes": {
            "arn": "arn:aws:lambda:us-east-1:783323902162:function:Searchd",
            "dead_letter_config": [],
            "description": "",
            "environment": [],
            "file_system_config": [],
            "filename": "output/lambda3.zip",
            "function_name": "Searchd",
            "handler": "search.lambda_handler",
            "id": "Searchd",
            "invoke_arn": "arn:aws:apigateway:us-east-1:lambda:path/2015-03-31/functions/arn:aws:lambda:us-east-1:783323902162:function:Searchd/invocations",
            "kms_key_arn": "",
            "last_modified": "2020-06-25T16:40:09.766+0000",
            "layers": null,
            "memory_size": 128,
            "publish": false,
            "qualified_arn": "arn:aws:lambda:us-east-1:783323902162:function:Searchd:$LATEST",
            "reserved_concurrent_executions": -1,
            "role": "arn:aws:iam::783323902162:role/aws-lambda-dynamodb",
            "runtime": "python3.8",
            "s3_bucket": null,
            "s3_key": null,
            "s3_object_version": null,
            "source_code_hash": "zpDZu5qIija7JjOkDGNUZfryNks5jAi3aZLNxt6FDkQ=",
            "source_code_size": 347,
            "tags": null,
            "timeout": 3,
            "timeouts": null,
            "tracing_config": [
              {
                "mode": "PassThrough"
              }
            ],
            "version": "$LATEST",
            "vpc_config": []
          },
          "private": "eyJlMmJmYjczMC1lY2FhLTExZTYtOGY4OC0zNDM2M2JjN2M0YzAiOnsiY3JlYXRlIjo2MDAwMDAwMDAwMDB9fQ=="
        }
      ]
    }
  ]
}
